
Microsoft Visual Studio Solution File, Format Version 12.00
# Visual Studio Version 17
VisualStudioVersion = 17.14.36518.9 d17.14
MinimumVisualStudioVersion = 10.0.40219.1
Project("{2150E333-8FDC-42A3-9474-1A3956D46DE8}") = "API", "API", "{02EA681E-C7D8-13C7-8484-4AC65E1B71E8}"
EndProject
Project("{2150E333-8FDC-42A3-9474-1A3956D46DE8}") = "APPS", "APPS", "{DD4453B1-1C6A-403C-B5FA-54976CFB673A}"
EndProject
Project("{2150E333-8FDC-42A3-9474-1A3956D46DE8}") = "Domain", "Domain", "{B81C1FD1-5498-4CC0-866D-E7A525892EA5}"
EndProject
Project("{2150E333-8FDC-42A3-9474-1A3956D46DE8}") = "Infrastructure", "Infrastructure", "{F25F75A8-D865-40AA-980C-93CA4CB8E191}"
EndProject
Project("{2150E333-8FDC-42A3-9474-1A3956D46DE8}") = "IOC", "IOC", "{08C7F7E2-9586-4FDA-99D5-B5471B164843}"
EndProject
Project("{FAE04EC0-301F-11D3-BF4B-00C04F79EFBC}") = "TeAtiendo.API", "TeAtiendo.API\TeAtiendo.API.csproj", "{2188A3E4-460B-4430-9286-1F50BA26E715}"
EndProject
Project("{FAE04EC0-301F-11D3-BF4B-00C04F79EFBC}") = "TeAtiendo.Web", "TeAtiendo.Web\TeAtiendo.Web.csproj", "{46F4124B-81B2-42BE-8444-AF258CCE27E8}"
EndProject
Project("{FAE04EC0-301F-11D3-BF4B-00C04F79EFBC}") = "TeAtiendo.Desktop", "TeAtiendo.Desktop\TeAtiendo.Desktop.csproj", "{087A6A7F-E91C-490C-91AE-EF320F2306F8}"
EndProject
Project("{FAE04EC0-301F-11D3-BF4B-00C04F79EFBC}") = "TeAtiendo.Application", "TeAtiendo.Application\TeAtiendo.Application.csproj", "{D7F4FBA8-17AD-4A55-910A-863DB65B3BC1}"
EndProject
Project("{FAE04EC0-301F-11D3-BF4B-00C04F79EFBC}") = "TeAtiendo.Domain", "TeAtiendo.Domain\TeAtiendo.Domain.csproj", "{45B627D5-B81F-4CCD-9F99-148978878109}"
EndProject
Project("{FAE04EC0-301F-11D3-BF4B-00C04F79EFBC}") = "TeAtiendo.Infrastructure", "TeAtiendo.Infrastructure\TeAtiendo.Infrastructure.csproj", "{8814D24A-8675-4D8A-8D22-28FDA10B8380}"
EndProject
Project("{FAE04EC0-301F-11D3-BF4B-00C04F79EFBC}") = "TeAtiendo.IOC", "TeAtiendo.IOC\TeAtiendo.IOC.csproj", "{1D078410-A506-44CE-B696-E1A1BBFB3731}"
EndProject
Project("{2150E333-8FDC-42A3-9474-1A3956D46DE8}") = "DB", "DB", "{8975CDF8-E717-4969-9C7D-622B09FD927E}"
EndProject
Project("{2150E333-8FDC-42A3-9474-1A3956D46DE8}") = "Repositories", "Repositories", "{7F73C8B2-B385-406F-8932-224B504DFDA0}"
EndProject
Global
	GlobalSection(SolutionConfigurationPlatforms) = preSolution
		Debug|Any CPU = Debug|Any CPU
		Release|Any CPU = Release|Any CPU
	EndGlobalSection
	GlobalSection(ProjectConfigurationPlatforms) = postSolution
		{2188A3E4-460B-4430-9286-1F50BA26E715}.Debug|Any CPU.ActiveCfg = Debug|Any CPU
		{2188A3E4-460B-4430-9286-1F50BA26E715}.Debug|Any CPU.Build.0 = Debug|Any CPU
		{2188A3E4-460B-4430-9286-1F50BA26E715}.Release|Any CPU.ActiveCfg = Release|Any CPU
		{2188A3E4-460B-4430-9286-1F50BA26E715}.Release|Any CPU.Build.0 = Release|Any CPU
		{46F4124B-81B2-42BE-8444-AF258CCE27E8}.Debug|Any CPU.ActiveCfg = Debug|Any CPU
		{46F4124B-81B2-42BE-8444-AF258CCE27E8}.Debug|Any CPU.Build.0 = Debug|Any CPU
		{46F4124B-81B2-42BE-8444-AF258CCE27E8}.Release|Any CPU.ActiveCfg = Release|Any CPU
		{46F4124B-81B2-42BE-8444-AF258CCE27E8}.Release|Any CPU.Build.0 = Release|Any CPU
		{087A6A7F-E91C-490C-91AE-EF320F2306F8}.Debug|Any CPU.ActiveCfg = Debug|Any CPU
		{087A6A7F-E91C-490C-91AE-EF320F2306F8}.Debug|Any CPU.Build.0 = Debug|Any CPU
		{087A6A7F-E91C-490C-91AE-EF320F2306F8}.Release|Any CPU.ActiveCfg = Release|Any CPU
		{087A6A7F-E91C-490C-91AE-EF320F2306F8}.Release|Any CPU.Build.0 = Release|Any CPU
		{D7F4FBA8-17AD-4A55-910A-863DB65B3BC1}.Debug|Any CPU.ActiveCfg = Debug|Any CPU
		{D7F4FBA8-17AD-4A55-910A-863DB65B3BC1}.Debug|Any CPU.Build.0 = Debug|Any CPU
		{D7F4FBA8-17AD-4A55-910A-863DB65B3BC1}.Release|Any CPU.ActiveCfg = Release|Any CPU
		{D7F4FBA8-17AD-4A55-910A-863DB65B3BC1}.Release|Any CPU.Build.0 = Release|Any CPU
		{45B627D5-B81F-4CCD-9F99-148978878109}.Debug|Any CPU.ActiveCfg = Debug|Any CPU
		{45B627D5-B81F-4CCD-9F99-148978878109}.Debug|Any CPU.Build.0 = Debug|Any CPU
		{45B627D5-B81F-4CCD-9F99-148978878109}.Release|Any CPU.ActiveCfg = Release|Any CPU
		{45B627D5-B81F-4CCD-9F99-148978878109}.Release|Any CPU.Build.0 = Release|Any CPU
		{8814D24A-8675-4D8A-8D22-28FDA10B8380}.Debug|Any CPU.ActiveCfg = Debug|Any CPU
		{8814D24A-8675-4D8A-8D22-28FDA10B8380}.Debug|Any CPU.Build.0 = Debug|Any CPU
		{8814D24A-8675-4D8A-8D22-28FDA10B8380}.Release|Any CPU.ActiveCfg = Release|Any CPU
		{8814D24A-8675-4D8A-8D22-28FDA10B8380}.Release|Any CPU.Build.0 = Release|Any CPU
		{1D078410-A506-44CE-B696-E1A1BBFB3731}.Debug|Any CPU.ActiveCfg = Debug|Any CPU
		{1D078410-A506-44CE-B696-E1A1BBFB3731}.Debug|Any CPU.Build.0 = Debug|Any CPU
		{1D078410-A506-44CE-B696-E1A1BBFB3731}.Release|Any CPU.ActiveCfg = Release|Any CPU
		{1D078410-A506-44CE-B696-E1A1BBFB3731}.Release|Any CPU.Build.0 = Release|Any CPU
	EndGlobalSection
	GlobalSection(SolutionProperties) = preSolution
		HideSolutionNode = FALSE
	EndGlobalSection
	GlobalSection(NestedProjects) = preSolution
		{2188A3E4-460B-4430-9286-1F50BA26E715} = {02EA681E-C7D8-13C7-8484-4AC65E1B71E8}
		{46F4124B-81B2-42BE-8444-AF258CCE27E8} = {DD4453B1-1C6A-403C-B5FA-54976CFB673A}
		{087A6A7F-E91C-490C-91AE-EF320F2306F8} = {DD4453B1-1C6A-403C-B5FA-54976CFB673A}
		{D7F4FBA8-17AD-4A55-910A-863DB65B3BC1} = {B81C1FD1-5498-4CC0-866D-E7A525892EA5}
		{45B627D5-B81F-4CCD-9F99-148978878109} = {B81C1FD1-5498-4CC0-866D-E7A525892EA5}
		{8814D24A-8675-4D8A-8D22-28FDA10B8380} = {F25F75A8-D865-40AA-980C-93CA4CB8E191}
		{1D078410-A506-44CE-B696-E1A1BBFB3731} = {08C7F7E2-9586-4FDA-99D5-B5471B164843}
		{8975CDF8-E717-4969-9C7D-622B09FD927E} = {F25F75A8-D865-40AA-980C-93CA4CB8E191}
		{7F73C8B2-B385-406F-8932-224B504DFDA0} = {F25F75A8-D865-40AA-980C-93CA4CB8E191}
	EndGlobalSection
	GlobalSection(ExtensibilityGlobals) = postSolution
		SolutionGuid = {55E0456B-9D40-47E8-965A-4FC55991FDC3}
	EndGlobalSection
EndGlobal
